
Microsoft Visual Studio Solution File, Format Version 12.00
# Visual Studio 2013
VisualStudioVersion = 12.0.31101.0
MinimumVisualStudioVersion = 10.0.40219.1
Project("{FAE04EC0-301F-11D3-BF4B-00C04F79EFBC}") = "DotNetNavigator", "DotNetNavigator\DotNetNavigator.csproj", "{A8DED1B1-F551-40F2-A6B0-A3923FE3F37C}"
EndProject
Project("{FAE04EC0-301F-11D3-BF4B-00C04F79EFBC}") = "DotNetNavigator.GUI", "DotNetNavigator.GUI\DotNetNavigator.GUI.csproj", "{FA739757-AFC0-4889-9B15-06F1F3D87C9B}"
EndProject
Global
	GlobalSection(SolutionConfigurationPlatforms) = preSolution
		Debug|Any CPU = Debug|Any CPU
		Release|Any CPU = Release|Any CPU
	EndGlobalSection
	GlobalSection(ProjectConfigurationPlatforms) = postSolution
		{A8DED1B1-F551-40F2-A6B0-A3923FE3F37C}.Debug|Any CPU.ActiveCfg = Debug|Any CPU
		{A8DED1B1-F551-40F2-A6B0-A3923FE3F37C}.Debug|Any CPU.Build.0 = Debug|Any CPU
		{A8DED1B1-F551-40F2-A6B0-A3923FE3F37C}.Release|Any CPU.ActiveCfg = Release|Any CPU
		{A8DED1B1-F551-40F2-A6B0-A3923FE3F37C}.Release|Any CPU.Build.0 = Release|Any CPU
		{FA739757-AFC0-4889-9B15-06F1F3D87C9B}.Debug|Any CPU.ActiveCfg = Debug|Any CPU
		{FA739757-AFC0-4889-9B15-06F1F3D87C9B}.Debug|Any CPU.Build.0 = Debug|Any CPU
		{FA739757-AFC0-4889-9B15-06F1F3D87C9B}.Release|Any CPU.ActiveCfg = Release|Any CPU
		{FA739757-AFC0-4889-9B15-06F1F3D87C9B}.Release|Any CPU.Build.0 = Release|Any CPU
	EndGlobalSection
	GlobalSection(SolutionProperties) = preSolution
		HideSolutionNode = FALSE
	EndGlobalSection
EndGlobal
