
Microsoft Visual Studio Solution File, Format Version 11.00
# Visual Studio 2010
Project("{FAE04EC0-301F-11D3-BF4B-00C04F79EFBC}") = "PointsShell", "PointsShell\PointsShell.csproj", "{03BE0E47-315F-4C7E-A179-BE5DE93A1116}"
EndProject
Project("{8BC9CEB8-8B4A-11D0-8D11-00A0C91BC942}") = "PointsBot", "PointsBot\PointsBot.vcxproj", "{0A918F71-AC97-4B9F-89B7-C9E1C98D7DDA}"
EndProject
Project("{FAE04EC0-301F-11D3-BF4B-00C04F79EFBC}") = "PointsTests", "PointsTests\PointsTests.csproj", "{897D4B03-ECA9-44AF-A4AC-5DBAE09B8E87}"
EndProject
Global
	GlobalSection(TestCaseManagementSettings) = postSolution
		CategoryFile = PointsGame.vsmdi
	EndGlobalSection
	GlobalSection(SolutionConfigurationPlatforms) = preSolution
		Debug|Mixed Platforms = Debug|Mixed Platforms
		Debug|x86-32 = Debug|x86-32
		Debug|x86-64 = Debug|x86-64
		Release|Mixed Platforms = Release|Mixed Platforms
		Release|x86-32 = Release|x86-32
		Release|x86-64 = Release|x86-64
	EndGlobalSection
	GlobalSection(ProjectConfigurationPlatforms) = postSolution
		{03BE0E47-315F-4C7E-A179-BE5DE93A1116}.Debug|Mixed Platforms.ActiveCfg = Debug|Any CPU
		{03BE0E47-315F-4C7E-A179-BE5DE93A1116}.Debug|Mixed Platforms.Build.0 = Debug|Any CPU
		{03BE0E47-315F-4C7E-A179-BE5DE93A1116}.Debug|x86-32.ActiveCfg = Debug|x86
		{03BE0E47-315F-4C7E-A179-BE5DE93A1116}.Debug|x86-32.Build.0 = Debug|x86
		{03BE0E47-315F-4C7E-A179-BE5DE93A1116}.Debug|x86-64.ActiveCfg = Debug|x64
		{03BE0E47-315F-4C7E-A179-BE5DE93A1116}.Debug|x86-64.Build.0 = Debug|x64
		{03BE0E47-315F-4C7E-A179-BE5DE93A1116}.Release|Mixed Platforms.ActiveCfg = Release|Any CPU
		{03BE0E47-315F-4C7E-A179-BE5DE93A1116}.Release|Mixed Platforms.Build.0 = Release|Any CPU
		{03BE0E47-315F-4C7E-A179-BE5DE93A1116}.Release|x86-32.ActiveCfg = Release|x86
		{03BE0E47-315F-4C7E-A179-BE5DE93A1116}.Release|x86-32.Build.0 = Release|x86
		{03BE0E47-315F-4C7E-A179-BE5DE93A1116}.Release|x86-64.ActiveCfg = Release|x64
		{03BE0E47-315F-4C7E-A179-BE5DE93A1116}.Release|x86-64.Build.0 = Release|x64
		{0A918F71-AC97-4B9F-89B7-C9E1C98D7DDA}.Debug|Mixed Platforms.ActiveCfg = Debug|Win32
		{0A918F71-AC97-4B9F-89B7-C9E1C98D7DDA}.Debug|x86-32.ActiveCfg = Debug|Win32
		{0A918F71-AC97-4B9F-89B7-C9E1C98D7DDA}.Debug|x86-32.Build.0 = Debug|Win32
		{0A918F71-AC97-4B9F-89B7-C9E1C98D7DDA}.Debug|x86-64.ActiveCfg = Debug|x64
		{0A918F71-AC97-4B9F-89B7-C9E1C98D7DDA}.Debug|x86-64.Build.0 = Debug|x64
		{0A918F71-AC97-4B9F-89B7-C9E1C98D7DDA}.Release|Mixed Platforms.ActiveCfg = Release|Win32
		{0A918F71-AC97-4B9F-89B7-C9E1C98D7DDA}.Release|x86-32.ActiveCfg = Release|Win32
		{0A918F71-AC97-4B9F-89B7-C9E1C98D7DDA}.Release|x86-32.Build.0 = Release|Win32
		{0A918F71-AC97-4B9F-89B7-C9E1C98D7DDA}.Release|x86-64.ActiveCfg = Release|x64
		{0A918F71-AC97-4B9F-89B7-C9E1C98D7DDA}.Release|x86-64.Build.0 = Release|x64
		{897D4B03-ECA9-44AF-A4AC-5DBAE09B8E87}.Debug|Mixed Platforms.ActiveCfg = Debug|Any CPU
		{897D4B03-ECA9-44AF-A4AC-5DBAE09B8E87}.Debug|Mixed Platforms.Build.0 = Debug|Any CPU
		{897D4B03-ECA9-44AF-A4AC-5DBAE09B8E87}.Debug|x86-32.ActiveCfg = Debug|Any CPU
		{897D4B03-ECA9-44AF-A4AC-5DBAE09B8E87}.Debug|x86-64.ActiveCfg = Debug|Any CPU
		{897D4B03-ECA9-44AF-A4AC-5DBAE09B8E87}.Release|Mixed Platforms.ActiveCfg = Release|Any CPU
		{897D4B03-ECA9-44AF-A4AC-5DBAE09B8E87}.Release|Mixed Platforms.Build.0 = Release|Any CPU
		{897D4B03-ECA9-44AF-A4AC-5DBAE09B8E87}.Release|x86-32.ActiveCfg = Release|Any CPU
		{897D4B03-ECA9-44AF-A4AC-5DBAE09B8E87}.Release|x86-64.ActiveCfg = Release|Any CPU
	EndGlobalSection
	GlobalSection(SolutionProperties) = preSolution
		HideSolutionNode = FALSE
	EndGlobalSection
EndGlobal
